{
  "name": "buildtool",
  "version": "2.5.0",
  "lockfileVersion": 1,
  "requires": true,
  "dependencies": {
    "argparse": {
      "version": "2.0.1",
      "resolved": "https://registry.npmjs.org/argparse/-/argparse-2.0.1.tgz",
      "integrity": "sha512-8+9WqebbFzpX9OR+Wa6O29asIogeRMzcGtAINdpMHHyAg10f05aSFVBbcEqGf/PXw1EjAZ+q2/bEBg3DvurK3Q==",
      "dev": true
    },
    "callsite": {
      "version": "1.0.0",
      "resolved": "https://registry.npmjs.org/callsite/-/callsite-1.0.0.tgz",
      "integrity": "sha1-KAOY5dZkvXQDi28JBRU+borxvCA=",
      "dev": true
    },
    "decache": {
      "version": "4.6.0",
      "resolved": "https://registry.npmjs.org/decache/-/decache-4.6.0.tgz",
      "integrity": "sha512-PppOuLiz+DFeaUvFXEYZjLxAkKiMYH/do/b/MxpDe/8AgKBi5GhZxridoVIbBq72GDbL36e4p0Ce2jTGUwwU+w==",
      "dev": true,
      "requires": {
        "callsite": "^1.0.0"
      }
    },
    "luamin": {
      "version": "1.0.4",
      "resolved": "https://registry.npmjs.org/luamin/-/luamin-1.0.4.tgz",
      "integrity": "sha1-lEUptY/G+k0x6s4uA1PUEhDw49M=",
      "dev": true,
      "requires": {
        "luaparse": "^0.2.1"
      }
    },
    "luaparse": {
      "version": "0.2.1",
      "resolved": "https://registry.npmjs.org/luaparse/-/luaparse-0.2.1.tgz",
      "integrity": "sha1-qo9WEysN6X0388mRqd9C4OF/ZWw=",
      "dev": true
    },
    "onelua": {
      "version": "git+https://github.com/MouseTool/onelua.git#ccfeb3e8dad1d4dd43f19f78e59d7eb180706e45",
      "from": "git+https://github.com/MouseTool/onelua.git",
      "dev": true,
      "requires": {
        "argparse": "^2.0.1",
        "decache": "^4.6.0",
        "luamin": "^1.0.4",
        "luaparse": "^0.2.1"
      }
    }
  }
}
