{
  "name": "buildtool",
  "version": "2.5.0",
  "lockfileVersion": 1,
  "requires": true,
  "dependencies": {
    "@mousetool/mousebase": {
      "version": "1.0.2",
      "resolved": "https://npm.pkg.github.com/download/@mousetool/mousebase/1.0.2/c283aeaff9ee69ccc65ec4574e604fcfae54debd98f6ca9d330f1e7adcbb587e",
      "integrity": "sha512-YzCXcGxn+ye89aF9JvFV2rzWAT9Bhpr31qE+zC1OGmEHVYZsEYpe5qjkUU/nTqkK5tGw+M10gqQkkN6chuFGvQ==",
      "requires": {
        "@mousetool/nickname801": "^1.0.0"
      }
    },
    "@mousetool/nickname801": {
      "version": "1.0.0",
      "resolved": "https://npm.pkg.github.com/download/@mousetool/nickname801/1.0.0/a06105faaee6534248bfd796ad06c22e16429c6a5d71467438ecebc202664520",
      "integrity": "sha512-wwdXGm7s0SwR+vq3OHLaWtAIXJasJfFImlqQTpNYW7ZJTjWNN8ePCqIEEqYDzIJX2v41EdLyWOtkefSs57/FTw=="
    },
    "@mousetool/onelua": {
      "version": "1.0.9",
      "resolved": "https://npm.pkg.github.com/download/@mousetool/onelua/1.0.9/82a7e78480692c26d3076dacbb14f8253eb6123be394535b38d022b9cd8a0f4c",
      "integrity": "sha512-hQNFQYwJqLw6Un2M6IhOxDdLj/dklwC4CMZmaKV3pQ8hbhVePLOGoGNHJmM02bH/WHvc5b1R1XtUhs4oN48FpA==",
      "dev": true,
      "requires": {
        "argparse": "^2.0.1",
        "decache": "^4.6.0",
        "luamin": "^1.0.4",
        "luaparse": "^0.2.1"
      }
    },
    "@mousetool/tfm-vscode": {
      "version": "1.0.1",
      "resolved": "https://npm.pkg.github.com/download/@mousetool/tfm-vscode/1.0.1/56cae670a0515ce52eb49d3a2b88734a94e41efcc40f361da96f230eb3eddbae",
      "integrity": "sha512-gUydKCaQ+Vs8vSMVsVkg1/aSBN2UC5ZB95I9CSO4EC6QL0g/TXlUDLfUBuc1EV/H2BYa9PyutTMlowofykastg==",
      "dev": true
    },
    "argparse": {
      "version": "2.0.1",
      "resolved": "https://registry.npmjs.org/argparse/-/argparse-2.0.1.tgz",
      "integrity": "sha512-8+9WqebbFzpX9OR+Wa6O29asIogeRMzcGtAINdpMHHyAg10f05aSFVBbcEqGf/PXw1EjAZ+q2/bEBg3DvurK3Q==",
      "dev": true
    },
    "callsite": {
      "version": "1.0.0",
      "resolved": "https://registry.npmjs.org/callsite/-/callsite-1.0.0.tgz",
      "integrity": "sha1-KAOY5dZkvXQDi28JBRU+borxvCA=",
      "dev": true
    },
    "decache": {
      "version": "4.6.0",
      "resolved": "https://registry.npmjs.org/decache/-/decache-4.6.0.tgz",
      "integrity": "sha512-PppOuLiz+DFeaUvFXEYZjLxAkKiMYH/do/b/MxpDe/8AgKBi5GhZxridoVIbBq72GDbL36e4p0Ce2jTGUwwU+w==",
      "dev": true,
      "requires": {
        "callsite": "^1.0.0"
      }
    },
    "luamin": {
      "version": "1.0.4",
      "resolved": "https://registry.npmjs.org/luamin/-/luamin-1.0.4.tgz",
      "integrity": "sha1-lEUptY/G+k0x6s4uA1PUEhDw49M=",
      "dev": true,
      "requires": {
        "luaparse": "^0.2.1"
      }
    },
    "luaparse": {
      "version": "0.2.1",
      "resolved": "https://registry.npmjs.org/luaparse/-/luaparse-0.2.1.tgz",
      "integrity": "sha1-qo9WEysN6X0388mRqd9C4OF/ZWw=",
      "dev": true
    }
  }
}
