{
  "name": "buildtool",
  "version": "2.5.0",
  "lockfileVersion": 1,
  "requires": true,
  "dependencies": {
    "@mousetool/class": {
      "version": "1.0.0",
      "resolved": "https://npm.pkg.github.com/download/@mousetool/class/1.0.0/33d0651cf6073d899c45e134820fe55944a4cc550e8a8502ceed5d456e0e1434",
      "integrity": "sha512-m22QXgyNOWcBreEejr9P9Us+BQ7DCtbwtoI3ls72w00zjg4I11r9yQ024MI0zz7yNlQXdhqO1GztG3BYd4thSg=="
    },
    "@mousetool/mousebase": {
      "version": "1.0.3",
      "resolved": "https://npm.pkg.github.com/download/@mousetool/mousebase/1.0.3/89dee4e8870cde9833ca756876d6a41cf4e1976e1938eae30a1b31640a30bf19",
      "integrity": "sha512-ZmtR19fATu3hVnxMfnHokATvv2IGxCFRSfqkl9Lk7U52QKqmWIlVAXUYJHZ4REfc912YQTcjq2lNgo8XSDFkLQ==",
      "requires": {
        "@mousetool/class": "^1.0.0",
        "@mousetool/nickname801": "^1.0.0"
      }
    },
    "@mousetool/nickname801": {
      "version": "1.0.0",
      "resolved": "https://npm.pkg.github.com/download/@mousetool/nickname801/1.0.0/a06105faaee6534248bfd796ad06c22e16429c6a5d71467438ecebc202664520",
      "integrity": "sha512-wwdXGm7s0SwR+vq3OHLaWtAIXJasJfFImlqQTpNYW7ZJTjWNN8ePCqIEEqYDzIJX2v41EdLyWOtkefSs57/FTw=="
    },
    "@mousetool/onelua": {
      "version": "1.1.0",
      "resolved": "https://npm.pkg.github.com/download/@mousetool/onelua/1.1.0/66669145f2ac91ab1a282c214db514f1807d198b2b7c322209834534bb2d8341",
      "integrity": "sha512-Xz7nwcGaRWcGQidpuVKmlc5FdBxl5omYwRpQTFeQWQMLG01T2urD7ll590bnl7v5ZKudJQrnXDGXOjf6GrF4BQ==",
      "dev": true,
      "requires": {
        "argparse": "^2.0.1",
        "decache": "^4.6.0",
        "luamin": "^1.0.4",
        "luaparse": "^0.2.1"
      }
    },
    "@mousetool/ordered-table": {
      "version": "1.0.1",
      "resolved": "https://npm.pkg.github.com/download/@mousetool/ordered-table/1.0.1/873196ef5b31d53bfb4b9f8d3f30ad7b85f0784852e12ac25cb052d6782e385c",
      "integrity": "sha512-BzLon8OMx2Q30OGeEBF0Mo114cAFLwd6sZ1bZUU+U8WXKF993T/dNsvy3xFL0UUKWl+myR0gFbmTiUoLVYQ1FA=="
    },
    "@mousetool/tfm-vscode": {
      "version": "1.0.1",
      "resolved": "https://npm.pkg.github.com/download/@mousetool/tfm-vscode/1.0.1/56cae670a0515ce52eb49d3a2b88734a94e41efcc40f361da96f230eb3eddbae",
      "integrity": "sha512-gUydKCaQ+Vs8vSMVsVkg1/aSBN2UC5ZB95I9CSO4EC6QL0g/TXlUDLfUBuc1EV/H2BYa9PyutTMlowofykastg==",
      "dev": true
    },
    "argparse": {
      "version": "2.0.1",
      "resolved": "https://registry.npmjs.org/argparse/-/argparse-2.0.1.tgz",
      "integrity": "sha512-8+9WqebbFzpX9OR+Wa6O29asIogeRMzcGtAINdpMHHyAg10f05aSFVBbcEqGf/PXw1EjAZ+q2/bEBg3DvurK3Q==",
      "dev": true
    },
    "callsite": {
      "version": "1.0.0",
      "resolved": "https://registry.npmjs.org/callsite/-/callsite-1.0.0.tgz",
      "integrity": "sha1-KAOY5dZkvXQDi28JBRU+borxvCA=",
      "dev": true
    },
    "decache": {
      "version": "4.6.0",
      "resolved": "https://registry.npmjs.org/decache/-/decache-4.6.0.tgz",
      "integrity": "sha512-PppOuLiz+DFeaUvFXEYZjLxAkKiMYH/do/b/MxpDe/8AgKBi5GhZxridoVIbBq72GDbL36e4p0Ce2jTGUwwU+w==",
      "dev": true,
      "requires": {
        "callsite": "^1.0.0"
      }
    },
    "luamin": {
      "version": "1.0.4",
      "resolved": "https://registry.npmjs.org/luamin/-/luamin-1.0.4.tgz",
      "integrity": "sha1-lEUptY/G+k0x6s4uA1PUEhDw49M=",
      "dev": true,
      "requires": {
        "luaparse": "^0.2.1"
      }
    },
    "luaparse": {
      "version": "0.2.1",
      "resolved": "https://registry.npmjs.org/luaparse/-/luaparse-0.2.1.tgz",
      "integrity": "sha1-qo9WEysN6X0388mRqd9C4OF/ZWw=",
      "dev": true
    }
  }
}
