# THIS IS AN AUTOGENERATED FILE. DO NOT EDIT THIS FILE DIRECTLY.
# yarn lockfile v1


"@mousetool/class@^1.0.0":
  version "1.0.0"
  resolved "https://npm.pkg.github.com/download/@mousetool/class/1.0.0/33d0651cf6073d899c45e134820fe55944a4cc550e8a8502ceed5d456e0e1434#edab7d0bcb8eccb76e955474bea4d99a5f5a61b2"
  integrity sha512-m22QXgyNOWcBreEejr9P9Us+BQ7DCtbwtoI3ls72w00zjg4I11r9yQ024MI0zz7yNlQXdhqO1GztG3BYd4thSg==

"@mousetool/linkedlist@^1.0.1":
  version "1.0.1"
  resolved "https://npm.pkg.github.com/download/@mousetool/linkedlist/1.0.1/b495c3730f969a93b190c8a3c05745e8ab1de5785dcf795081018941a20cdae4#daa5dabaa4a11694aad95bfd2df565891a8afdbb"
  integrity sha512-F5+GHSvnsLgxQykBbXiiHJVyA0PmSZMuEUuiK8rE6iYf1bBiwcwgLDTYhv+xOWodEuL5F5pjP90K8WSUfzdK0g==

"@mousetool/mousebase@1.0.4":
  version "1.0.4"
  resolved "https://npm.pkg.github.com/download/@mousetool/mousebase/1.0.4/a6b870e22e6440e9b5ed3dbc0f00cb352498f50fce1085ae069a1ccb7487802f#b50a0943fd0699c46e67c8e9bdf60ac79ae4fa34"
  integrity sha512-pvxZrahp1ud6iOAKu4jfd2IdWboVijR1l2B6uvymMFeIsVm+5PuSbNNpFA8LJQMkRHWMkakoEM6BCmmLp0rFrA==
  dependencies:
    "@mousetool/class" "^1.0.0"
    "@mousetool/nickname801" "^1.0.0"

"@mousetool/mousebase@^1.0.2":
  version "1.0.5"
  resolved "https://npm.pkg.github.com/download/@mousetool/mousebase/1.0.5/f709b5f6101f823838f8c4a3bebe15fb0f515779056e55d3b48f2f90ac692a67#2eef7fbeafd38648c132f0c382fbfa15fd3590ab"
  integrity sha512-iJI7jOkD1H2QnKiAKUWWekF8VfqUH1CsN97j+YkxCexZ5DQLjCE9V8e+Qy50YercbDP3n1suso04n+BcZq9IGg==
  dependencies:
    "@mousetool/class" "^1.0.0"
    "@mousetool/nickname801" "^1.0.0"

"@mousetool/mousexml@^1.0.1":
  version "1.0.2"
  resolved "https://npm.pkg.github.com/download/@mousetool/mousexml/1.0.2/0f8b92a856b9af41bfc5eaa498ab8d0c836a78edfd6f64cfd7a082fc88c66c17#fa7b1bdbc44c9c430fe1baeba56866549b895fd8"
  integrity sha512-M7wBlIlmQaG2Q3IVtqbRGDobZI3w+pry9bdaqjykXwLAh2/br0PFKfvrPafkeBIsXgjw/BxTNCqDxyMWH7YmMA==
  dependencies:
    "@mousetool/class" "^1.0.0"
    "@mousetool/linkedlist" "^1.0.1"
    "@mousetool/mousebase" "^1.0.2"
    "@mousetool/ordered-table" "^1.0.1"

"@mousetool/nickname801@^1.0.0":
  version "1.0.0"
  resolved "https://npm.pkg.github.com/download/@mousetool/nickname801/1.0.0/a06105faaee6534248bfd796ad06c22e16429c6a5d71467438ecebc202664520#c3f3d4dd6e0ad464cd80e58d5679d0246c7894cc"
  integrity sha512-wwdXGm7s0SwR+vq3OHLaWtAIXJasJfFImlqQTpNYW7ZJTjWNN8ePCqIEEqYDzIJX2v41EdLyWOtkefSs57/FTw==

"@mousetool/onelua@^1.1.0":
  version "1.1.0"
  resolved "https://npm.pkg.github.com/download/@mousetool/onelua/1.1.0/66669145f2ac91ab1a282c214db514f1807d198b2b7c322209834534bb2d8341#ee3c54a635dd40f15d87c6552cfbc4402bd83382"
  integrity sha512-Xz7nwcGaRWcGQidpuVKmlc5FdBxl5omYwRpQTFeQWQMLG01T2urD7ll590bnl7v5ZKudJQrnXDGXOjf6GrF4BQ==
  dependencies:
    argparse "^2.0.1"
    decache "^4.6.0"
    luamin "^1.0.4"
    luaparse "^0.2.1"

"@mousetool/ordered-table@^1.0.1":
  version "1.0.1"
  resolved "https://npm.pkg.github.com/download/@mousetool/ordered-table/1.0.1/873196ef5b31d53bfb4b9f8d3f30ad7b85f0784852e12ac25cb052d6782e385c#550b32f43015e03ff3b4a3577b0157fe7f984f8a"
  integrity sha512-BzLon8OMx2Q30OGeEBF0Mo114cAFLwd6sZ1bZUU+U8WXKF993T/dNsvy3xFL0UUKWl+myR0gFbmTiUoLVYQ1FA==

"@mousetool/tfm-vscode@^1.0.1":
  version "1.0.1"
  resolved "https://npm.pkg.github.com/download/@mousetool/tfm-vscode/1.0.1/56cae670a0515ce52eb49d3a2b88734a94e41efcc40f361da96f230eb3eddbae#5dc4f87a23ddb1b4525e2ccf482182d2d65e2331"
  integrity sha512-gUydKCaQ+Vs8vSMVsVkg1/aSBN2UC5ZB95I9CSO4EC6QL0g/TXlUDLfUBuc1EV/H2BYa9PyutTMlowofykastg==

argparse@^2.0.1:
  version "2.0.1"
  resolved "https://registry.yarnpkg.com/argparse/-/argparse-2.0.1.tgz#246f50f3ca78a3240f6c997e8a9bd1eac49e4b38"
  integrity sha512-8+9WqebbFzpX9OR+Wa6O29asIogeRMzcGtAINdpMHHyAg10f05aSFVBbcEqGf/PXw1EjAZ+q2/bEBg3DvurK3Q==

callsite@^1.0.0:
  version "1.0.0"
  resolved "https://registry.yarnpkg.com/callsite/-/callsite-1.0.0.tgz#280398e5d664bd74038b6f0905153e6e8af1bc20"
  integrity sha1-KAOY5dZkvXQDi28JBRU+borxvCA=

decache@^4.6.0:
  version "4.6.0"
  resolved "https://registry.yarnpkg.com/decache/-/decache-4.6.0.tgz#87026bc6e696759e82d57a3841c4e251a30356e8"
  integrity sha512-PppOuLiz+DFeaUvFXEYZjLxAkKiMYH/do/b/MxpDe/8AgKBi5GhZxridoVIbBq72GDbL36e4p0Ce2jTGUwwU+w==
  dependencies:
    callsite "^1.0.0"

luamin@^1.0.4:
  version "1.0.4"
  resolved "https://registry.yarnpkg.com/luamin/-/luamin-1.0.4.tgz#944529b58fc6fa4d31eace2e0353d41210f0e3d3"
  integrity sha1-lEUptY/G+k0x6s4uA1PUEhDw49M=
  dependencies:
    luaparse "^0.2.1"

luaparse@^0.2.1:
  version "0.2.1"
  resolved "https://registry.yarnpkg.com/luaparse/-/luaparse-0.2.1.tgz#aa8f56132b0de97d37f3c991a9df42e0e17f656c"
  integrity sha1-qo9WEysN6X0388mRqd9C4OF/ZWw=
